// !$*UTF8*$!
{
	archiveVersion = 1;
	classes = {
	};
	objectVersion = 46;
	objects = {

/* Begin PBXBuildFile section */
		1F352C611F346302009990D0 /* main.m in Sources */ = {isa = PBXBuildFile; fileRef = 1F352C601F346302009990D0 /* main.m */; };
		1F352C641F346302009990D0 /* AppDelegate.m in Sources */ = {isa = PBXBuildFile; fileRef = 1F352C631F346302009990D0 /* AppDelegate.m */; };
		1F352C671F346302009990D0 /* ViewController.m in Sources */ = {isa = PBXBuildFile; fileRef = 1F352C661F346302009990D0 /* ViewController.m */; };
		1F352C6A1F346302009990D0 /* Main.storyboard in Resources */ = {isa = PBXBuildFile; fileRef = 1F352C681F346302009990D0 /* Main.storyboard */; };
		1F352C6C1F346302009990D0 /* Assets.xcassets in Resources */ = {isa = PBXBuildFile; fileRef = 1F352C6B1F346302009990D0 /* Assets.xcassets */; };
		1F352C6F1F346302009990D0 /* LaunchScreen.storyboard in Resources */ = {isa = PBXBuildFile; fileRef = 1F352C6D1F346302009990D0 /* LaunchScreen.storyboard */; };
/* End PBXBuildFile section */

/* Begin PBXFileReference section */
		1F352C5C1F346302009990D0 /* FormatTestProject.app */ = {isa = PBXFileReference; explicitFileType = wrapper.application; includeInIndex = 0; path = FormatTestProject.app; sourceTree = BUILT_PRODUCTS_DIR; };
		1F352C601F346302009990D0 /* main.m */ = {isa = PBXFileReference; lastKnownFileType = sourcecode.c.objc; path = main.m; sourceTree = "<group>"; };
		1F352C621F346302009990D0 /* AppDelegate.h */ = {isa = PBXFileReference; lastKnownFileType = sourcecode.c.h; path = AppDelegate.h; sourceTree = "<group>"; };
		1F352C631F346302009990D0 /* AppDelegate.m */ = {isa = PBXFileReference; lastKnownFileType = sourcecode.c.objc; path = AppDelegate.m; sourceTree = "<group>"; };
		1F352C651F346302009990D0 /* ViewController.h */ = {isa = PBXFileReference; lastKnownFileType = sourcecode.c.h; path = ViewController.h; sourceTree = "<group>"; };
		1F352C661F346302009990D0 /* ViewController.m */ = {isa = PBXFileReference; lastKnownFileType = sourcecode.c.objc; path = ViewController.m; sourceTree = "<group>"; };
		1F352C691F346302009990D0 /* Base */ = {isa = PBXFileReference; lastKnownFileType = file.storyboard; name = Base; path = Base.lproj/Main.storyboard; sourceTree = "<group>"; };
		1F352C6B1F346302009990D0 /* Assets.xcassets */ = {isa = PBXFileReference; lastKnownFileType = folder.assetcatalog; path = Assets.xcassets; sourceTree = "<group>"; };
		1F352C6E1F346302009990D0 /* Base */ = {isa = PBXFileReference; lastKnownFileType = file.storyboard; name = Base; path = Base.lproj/LaunchScreen.storyboard; sourceTree = "<group>"; };
		1F352C701F346302009990D0 /* Info.plist */ = {isa = PBXFileReference; lastKnownFileType = text.plist.xml; path = Info.plist; sourceTree = "<group>"; };
/* End PBXFileReference section */

/* Begin PBXFrameworksBuildPhase section */
		1F352C591F346302009990D0 /* Frameworks */ = {
			isa = PBXFrameworksBuildPhase;
			buildActionMask = 2147483647;
			files = (
			);
			runOnlyForDeploymentPostprocessing = 0;
		};
/* End PBXFrameworksBuildPhase section */

/* Begin PBXGroup section */
		1F352C531F346302009990D0 = {
			isa = PBXGroup;
			children = (
				1F352C5E1F346302009990D0 /* FormatTestProject */,
				1F352C5D1F346302009990D0 /* Products */,
			);
			sourceTree = "<group>";
		};
		1F352C5D1F346302009990D0 /* Products */ = {
			isa = PBXGroup;
			children = (
				1F352C5C1F346302009990D0 /* FormatTestProject.app */,
			);
			name = Products;
			sourceTree = "<group>";
		};
		1F352C5E1F346302009990D0 /* FormatTestProject */ = {
			isa = PBXGroup;
			children = (
				1F352C621F346302009990D0 /* AppDelegate.h */,
				1F352C631F346302009990D0 /* AppDelegate.m */,
				1F352C651F346302009990D0 /* ViewController.h */,
				1F352C661F346302009990D0 /* ViewController.m */,
				1F352C681F346302009990D0 /* Main.storyboard */,
				1F352C6B1F346302009990D0 /* Assets.xcassets */,
				1F352C6D1F346302009990D0 /* LaunchScreen.storyboard */,
				1F352C701F346302009990D0 /* Info.plist */,
				1F352C5F1F346302009990D0 /* Supporting Files */,
			);
			path = FormatTestProject;
			sourceTree = "<group>";
		};
		1F352C5F1F346302009990D0 /* Supporting Files */ = {
			isa = PBXGroup;
			children = (
				1F352C601F346302009990D0 /* main.m */,
			);
			name = "Supporting Files";
			sourceTree = "<group>";
		};
/* End PBXGroup section */

/* Begin PBXNativeTarget section */
		1F352C5B1F346302009990D0 /* FormatTestProject */ = {
			isa = PBXNativeTarget;
			buildConfigurationList = 1F352C731F346302009990D0 /* Build configuration list for PBXNativeTarget "FormatTestProject" */;
			buildPhases = (
				1F352C581F346302009990D0 /* Sources */,
				1F352C591F346302009990D0 /* Frameworks */,
				1F352C5A1F346302009990D0 /* Resources */,
			);
			buildRules = (
			);
			dependencies = (
			);
			name = FormatTestProject;
			productName = FormatTestProject;
			productReference = 1F352C5C1F346302009990D0 /* FormatTestProject.app */;
			productType = "com.apple.product-type.application";
		};
/* End PBXNativeTarget section */

/* Begin PBXProject section */
		1F352C541F346302009990D0 /* Project object */ = {
			isa = PBXProject;
			attributes = {
				LastUpgradeCheck = 0830;
				ORGANIZATIONNAME = VIctorChee;
				TargetAttributes = {
					1F352C5B1F346302009990D0 = {
						CreatedOnToolsVersion = 8.3.3;
						ProvisioningStyle = Automatic;
					};
				};
			};
			buildConfigurationList = 1F352C571F346302009990D0 /* Build configuration list for PBXProject "FormatTestProject" */;
			compatibilityVersion = "Xcode 3.2";
			developmentRegion = English;
			hasScannedForEncodings = 0;
			knownRegions = (
				en,
				Base,
			);
			mainGroup = 1F352C531F346302009990D0;
			productRefGroup = 1F352C5D1F346302009990D0 /* Products */;
			projectDirPath = "";
			projectRoot = "";
			targets = (
				1F352C5B1F346302009990D0 /* FormatTestProject */,
			);
		};
/* End PBXProject section */

/* Begin PBXResourcesBuildPhase section */
		1F352C5A1F346302009990D0 /* Resources */ = {
			isa = PBXResourcesBuildPhase;
			buildActionMask = 2147483647;
			files = (
				1F352C6F1F346302009990D0 /* LaunchScreen.storyboard in Resources */,
				1F352C6C1F346302009990D0 /* Assets.xcassets in Resources */,
				1F352C6A1F346302009990D0 /* Main.storyboard in Resources */,
			);
			runOnlyForDeploymentPostprocessing = 0;
		};
/* End PBXResourcesBuildPhase section */

/* Begin PBXSourcesBuildPhase section */
		1F352C581F346302009990D0 /* Sources */ = {
			isa = PBXSourcesBuildPhase;
			buildActionMask = 2147483647;
			files = (
				1F352C671F346302009990D0 /* ViewController.m in Sources */,
				1F352C641F346302009990D0 /* AppDelegate.m in Sources */,
				1F352C611F346302009990D0 /* main.m in Sources */,
			);
			runOnlyForDeploymentPostprocessing = 0;
		};
/* End PBXSourcesBuildPhase section */

/* Begin PBXVariantGroup section */
		1F352C681F346302009990D0 /* Main.storyboard */ = {
			isa = PBXVariantGroup;
			children = (
				1F352C691F346302009990D0 /* Base */,
			);
			name = Main.storyboard;
			sourceTree = "<group>";
		};
		1F352C6D1F346302009990D0 /* LaunchScreen.storyboard */ = {
			isa = PBXVariantGroup;
			children = (
				1F352C6E1F346302009990D0 /* Base */,
			);
			name = LaunchScreen.storyboard;
			sourceTree = "<group>";
		};
/* End PBXVariantGroup section */

/* Begin XCBuildConfiguration section */
		1F352C711F346302009990D0 /* Debug */ = {
			isa = XCBuildConfiguration;
			buildSettings = {
				ALWAYS_SEARCH_USER_PATHS = NO;
				CLANG_ANALYZER_NONNULL = YES;
				CLANG_ANALYZER_NUMBER_OBJECT_CONVERSION = YES_AGGRESSIVE;
				CLANG_CXX_LANGUAGE_STANDARD = "gnu++0x";
				CLANG_CXX_LIBRARY = "libc++";
				CLANG_ENABLE_MODULES = YES;
				CLANG_ENABLE_OBJC_ARC = YES;
				CLANG_WARN_BOOL_CONVERSION = YES;
				CLANG_WARN_CONSTANT_CONVERSION = YES;
				CLANG_WARN_DIRECT_OBJC_ISA_USAGE = YES_ERROR;
				CLANG_WARN_DOCUMENTATION_COMMENTS = YES;
				CLANG_WARN_EMPTY_BODY = YES;
				CLANG_WARN_ENUM_CONVERSION = YES;
				CLANG_WARN_INFINITE_RECURSION = YES;
				CLANG_WARN_INT_CONVERSION = YES;
				CLANG_WARN_OBJC_ROOT_CLASS = YES_ERROR;
				CLANG_WARN_SUSPICIOUS_MOVE = YES;
				CLANG_WARN_UNREACHABLE_CODE = YES;
				CLANG_WARN__DUPLICATE_METHOD_MATCH = YES;
				"CODE_SIGN_IDENTITY[sdk=iphoneos*]" = "iPhone Developer";
				COPY_PHASE_STRIP = NO;
				DEBUG_INFORMATION_FORMAT = dwarf;
				ENABLE_STRICT_OBJC_MSGSEND = YES;
				ENABLE_TESTABILITY = YES;
				GCC_C_LANGUAGE_STANDARD = gnu99;
				GCC_DYNAMIC_NO_PIC = NO;
				GCC_NO_COMMON_BLOCKS = YES;
				GCC_OPTIMIZATION_LEVEL = 0;
				GCC_PREPROCESSOR_DEFINITIONS = (
					"DEBUG=1",
					"$(inherited)",
				);
				GCC_WARN_64_TO_32_BIT_CONVERSION = YES;
				GCC_WARN_ABOUT_RETURN_TYPE = YES_ERROR;
				GCC_WARN_UNDECLARED_SELECTOR = YES;
				GCC_WARN_UNINITIALIZED_AUTOS = YES_AGGRESSIVE;
				GCC_WARN_UNUSED_FUNCTION = YES;
				GCC_WARN_UNUSED_VARIABLE = YES;
				IPHONEOS_DEPLOYMENT_TARGET = 10.3;
				MTL_ENABLE_DEBUG_INFO = YES;
				ONLY_ACTIVE_ARCH = YES;
				SDKROOT = iphoneos;
				TARGETED_DEVICE_FAMILY = "1,2";
			};
			name = Debug;
		};
		1F352C721F346302009990D0 /* Release */ = {
			isa = XCBuildConfiguration;
			buildSettings = {
				ALWAYS_SEARCH_USER_PATHS = NO;
				CLANG_ANALYZER_NONNULL = YES;
				CLANG_ANALYZER_NUMBER_OBJECT_CONVERSION = YES_AGGRESSIVE;
				CLANG_CXX_LANGUAGE_STANDARD = "gnu++0x";
				CLANG_CXX_LIBRARY = "libc++";
				CLANG_ENABLE_MODULES = YES;
				CLANG_ENABLE_OBJC_ARC = YES;
				CLANG_WARN_BOOL_CONVERSION = YES;
				CLANG_WARN_CONSTANT_CONVERSION = YES;
				CLANG_WARN_DIRECT_OBJC_ISA_USAGE = YES_ERROR;
				CLANG_WARN_DOCUMENTATION_COMMENTS = YES;
				CLANG_WARN_EMPTY_BODY = YES;
				CLANG_WARN_ENUM_CONVERSION = YES;
				CLANG_WARN_INFINITE_RECURSION = YES;
				CLANG_WARN_INT_CONVERSION = YES;
				CLANG_WARN_OBJC_ROOT_CLASS = YES_ERROR;
				CLANG_WARN_SUSPICIOUS_MOVE = YES;
				CLANG_WARN_UNREACHABLE_CODE = YES;
				CLANG_WARN__DUPLICATE_METHOD_MATCH = YES;
				"CODE_SIGN_IDENTITY[sdk=iphoneos*]" = "iPhone Developer";
				COPY_PHASE_STRIP = NO;
				DEBUG_INFORMATION_FORMAT = "dwarf-with-dsym";
				ENABLE_NS_ASSERTIONS = NO;
				ENABLE_STRICT_OBJC_MSGSEND = YES;
				GCC_C_LANGUAGE_STANDARD = gnu99;
				GCC_NO_COMMON_BLOCKS = YES;
				GCC_WARN_64_TO_32_BIT_CONVERSION = YES;
				GCC_WARN_ABOUT_RETURN_TYPE = YES_ERROR;
				GCC_WARN_UNDECLARED_SELECTOR = YES;
				GCC_WARN_UNINITIALIZED_AUTOS = YES_AGGRESSIVE;
				GCC_WARN_UNUSED_FUNCTION = YES;
				GCC_WARN_UNUSED_VARIABLE = YES;
				IPHONEOS_DEPLOYMENT_TARGET = 10.3;
				MTL_ENABLE_DEBUG_INFO = NO;
				SDKROOT = iphoneos;
				TARGETED_DEVICE_FAMILY = "1,2";
				VALIDATE_PRODUCT = YES;
			};
			name = Release;
		};
		1F352C741F346302009990D0 /* Debug */ = {
			isa = XCBuildConfiguration;
			buildSettings = {
				ASSETCATALOG_COMPILER_APPICON_NAME = AppIcon;
				INFOPLIST_FILE = FormatTestProject/Info.plist;
				LD_RUNPATH_SEARCH_PATHS = "$(inherited) @executable_path/Frameworks";
				PRODUCT_BUNDLE_IDENTIFIER = com.victorchee.FormatTestProject;
				PRODUCT_NAME = "$(TARGET_NAME)";
			};
			name = Debug;
		};
		1F352C751F346302009990D0 /* Release */ = {
			isa = XCBuildConfiguration;
			buildSettings = {
				ASSETCATALOG_COMPILER_APPICON_NAME = AppIcon;
				INFOPLIST_FILE = FormatTestProject/Info.plist;
				LD_RUNPATH_SEARCH_PATHS = "$(inherited) @executable_path/Frameworks";
				PRODUCT_BUNDLE_IDENTIFIER = com.victorchee.FormatTestProject;
				PRODUCT_NAME = "$(TARGET_NAME)";
			};
			name = Release;
		};
/* End XCBuildConfiguration section */

/* Begin XCConfigurationList section */
		1F352C571F346302009990D0 /* Build configuration list for PBXProject "FormatTestProject" */ = {
			isa = XCConfigurationList;
			buildConfigurations = (
				1F352C711F346302009990D0 /* Debug */,
				1F352C721F346302009990D0 /* Release */,
			);
			defaultConfigurationIsVisible = 0;
			defaultConfigurationName = Release;
		};
		1F352C731F346302009990D0 /* Build configuration list for PBXNativeTarget "FormatTestProject" */ = {
			isa = XCConfigurationList;
			buildConfigurations = (
				1F352C741F346302009990D0 /* Debug */,
				1F352C751F346302009990D0 /* Release */,
			);
			defaultConfigurationIsVisible = 0;
		};
/* End XCConfigurationList section */
	};
	rootObject = 1F352C541F346302009990D0 /* Project object */;
}
