// !$*UTF8*$!
{
	archiveVersion = 1;
	classes = {
	};
	objectVersion = 46;
	objects = {

/* Begin PBXBuildFile section */
		1F6C094D1F39E29000A0476A /* CodeFormatterTests.swift in Sources */ = {isa = PBXBuildFile; fileRef = 1F6C094C1F39E29000A0476A /* CodeFormatterTests.swift */; };
		F03157201F36A4A100409259 /* AppDelegate.swift in Sources */ = {isa = PBXBuildFile; fileRef = F031571F1F36A4A100409259 /* AppDelegate.swift */; };
		F03157221F36A4A100409259 /* ViewController.swift in Sources */ = {isa = PBXBuildFile; fileRef = F03157211F36A4A100409259 /* ViewController.swift */; };
		F03157241F36A4A100409259 /* Assets.xcassets in Resources */ = {isa = PBXBuildFile; fileRef = F03157231F36A4A100409259 /* Assets.xcassets */; };
		F03157271F36A4A100409259 /* Main.storyboard in Resources */ = {isa = PBXBuildFile; fileRef = F03157251F36A4A100409259 /* Main.storyboard */; };
		F03157351F36A4D800409259 /* Cocoa.framework in Frameworks */ = {isa = PBXBuildFile; fileRef = F03157341F36A4D800409259 /* Cocoa.framework */; };
		F031573A1F36A4D800409259 /* SourceEditorExtension.swift in Sources */ = {isa = PBXBuildFile; fileRef = F03157391F36A4D800409259 /* SourceEditorExtension.swift */; };
		F031573C1F36A4D800409259 /* SourceEditorCommand.swift in Sources */ = {isa = PBXBuildFile; fileRef = F031573B1F36A4D800409259 /* SourceEditorCommand.swift */; };
		F03157401F36A4D800409259 /* CodeFormat.appex in Embed App Extensions */ = {isa = PBXBuildFile; fileRef = F03157321F36A4D700409259 /* CodeFormat.appex */; settings = {ATTRIBUTES = (RemoveHeadersOnCopy, ); }; };
		F03157461F36A58F00409259 /* Formatter.swift in Sources */ = {isa = PBXBuildFile; fileRef = F03157451F36A58F00409259 /* Formatter.swift */; };
/* End PBXBuildFile section */

/* Begin PBXContainerItemProxy section */
		1F6C094F1F39E29000A0476A /* PBXContainerItemProxy */ = {
			isa = PBXContainerItemProxy;
			containerPortal = F03157141F36A4A000409259 /* Project object */;
			proxyType = 1;
			remoteGlobalIDString = F031571B1F36A4A000409259;
			remoteInfo = CodeFormatter;
		};
		F031573E1F36A4D800409259 /* PBXContainerItemProxy */ = {
			isa = PBXContainerItemProxy;
			containerPortal = F03157141F36A4A000409259 /* Project object */;
			proxyType = 1;
			remoteGlobalIDString = F03157311F36A4D700409259;
			remoteInfo = CodeFormat;
		};
/* End PBXContainerItemProxy section */

/* Begin PBXCopyFilesBuildPhase section */
		F03157441F36A4D800409259 /* Embed App Extensions */ = {
			isa = PBXCopyFilesBuildPhase;
			buildActionMask = 2147483647;
			dstPath = "";
			dstSubfolderSpec = 13;
			files = (
				F03157401F36A4D800409259 /* CodeFormat.appex in Embed App Extensions */,
			);
			name = "Embed App Extensions";
			runOnlyForDeploymentPostprocessing = 0;
		};
/* End PBXCopyFilesBuildPhase section */

/* Begin PBXFileReference section */
		1F6C094A1F39E29000A0476A /* CodeFormatterTests.xctest */ = {isa = PBXFileReference; explicitFileType = wrapper.cfbundle; includeInIndex = 0; path = CodeFormatterTests.xctest; sourceTree = BUILT_PRODUCTS_DIR; };
		1F6C094C1F39E29000A0476A /* CodeFormatterTests.swift */ = {isa = PBXFileReference; lastKnownFileType = sourcecode.swift; path = CodeFormatterTests.swift; sourceTree = "<group>"; };
		1F6C094E1F39E29000A0476A /* Info.plist */ = {isa = PBXFileReference; lastKnownFileType = text.plist.xml; path = Info.plist; sourceTree = "<group>"; };
		F031571C1F36A4A100409259 /* CodeFormatter.app */ = {isa = PBXFileReference; explicitFileType = wrapper.application; includeInIndex = 0; path = CodeFormatter.app; sourceTree = BUILT_PRODUCTS_DIR; };
		F031571F1F36A4A100409259 /* AppDelegate.swift */ = {isa = PBXFileReference; lastKnownFileType = sourcecode.swift; path = AppDelegate.swift; sourceTree = "<group>"; };
		F03157211F36A4A100409259 /* ViewController.swift */ = {isa = PBXFileReference; lastKnownFileType = sourcecode.swift; path = ViewController.swift; sourceTree = "<group>"; };
		F03157231F36A4A100409259 /* Assets.xcassets */ = {isa = PBXFileReference; lastKnownFileType = folder.assetcatalog; path = Assets.xcassets; sourceTree = "<group>"; };
		F03157261F36A4A100409259 /* Base */ = {isa = PBXFileReference; lastKnownFileType = file.storyboard; name = Base; path = Base.lproj/Main.storyboard; sourceTree = "<group>"; };
		F03157281F36A4A100409259 /* Info.plist */ = {isa = PBXFileReference; lastKnownFileType = text.plist.xml; path = Info.plist; sourceTree = "<group>"; };
		F03157321F36A4D700409259 /* CodeFormat.appex */ = {isa = PBXFileReference; explicitFileType = "wrapper.app-extension"; includeInIndex = 0; path = CodeFormat.appex; sourceTree = BUILT_PRODUCTS_DIR; };
		F03157341F36A4D800409259 /* Cocoa.framework */ = {isa = PBXFileReference; lastKnownFileType = wrapper.framework; name = Cocoa.framework; path = System/Library/Frameworks/Cocoa.framework; sourceTree = SDKROOT; };
		F03157381F36A4D800409259 /* CodeFormat.entitlements */ = {isa = PBXFileReference; lastKnownFileType = text.plist.entitlements; path = CodeFormat.entitlements; sourceTree = "<group>"; };
		F03157391F36A4D800409259 /* SourceEditorExtension.swift */ = {isa = PBXFileReference; lastKnownFileType = sourcecode.swift; path = SourceEditorExtension.swift; sourceTree = "<group>"; };
		F031573B1F36A4D800409259 /* SourceEditorCommand.swift */ = {isa = PBXFileReference; lastKnownFileType = sourcecode.swift; path = SourceEditorCommand.swift; sourceTree = "<group>"; };
		F031573D1F36A4D800409259 /* Info.plist */ = {isa = PBXFileReference; lastKnownFileType = text.plist.xml; path = Info.plist; sourceTree = "<group>"; };
		F03157451F36A58F00409259 /* Formatter.swift */ = {isa = PBXFileReference; fileEncoding = 4; lastKnownFileType = sourcecode.swift; path = Formatter.swift; sourceTree = "<group>"; };
/* End PBXFileReference section */

/* Begin PBXFrameworksBuildPhase section */
		1F6C09471F39E29000A0476A /* Frameworks */ = {
			isa = PBXFrameworksBuildPhase;
			buildActionMask = 2147483647;
			files = (
			);
			runOnlyForDeploymentPostprocessing = 0;
		};
		F03157191F36A4A000409259 /* Frameworks */ = {
			isa = PBXFrameworksBuildPhase;
			buildActionMask = 2147483647;
			files = (
			);
			runOnlyForDeploymentPostprocessing = 0;
		};
		F031572F1F36A4D700409259 /* Frameworks */ = {
			isa = PBXFrameworksBuildPhase;
			buildActionMask = 2147483647;
			files = (
				F03157351F36A4D800409259 /* Cocoa.framework in Frameworks */,
			);
			runOnlyForDeploymentPostprocessing = 0;
		};
/* End PBXFrameworksBuildPhase section */

/* Begin PBXGroup section */
		1F6C094B1F39E29000A0476A /* CodeFormatterTests */ = {
			isa = PBXGroup;
			children = (
				1F6C094C1F39E29000A0476A /* CodeFormatterTests.swift */,
				1F6C094E1F39E29000A0476A /* Info.plist */,
			);
			path = CodeFormatterTests;
			sourceTree = "<group>";
		};
		F03157131F36A4A000409259 = {
			isa = PBXGroup;
			children = (
				F031571E1F36A4A100409259 /* CodeFormatter */,
				F03157361F36A4D800409259 /* CodeFormat */,
				1F6C094B1F39E29000A0476A /* CodeFormatterTests */,
				F03157331F36A4D800409259 /* Frameworks */,
				F031571D1F36A4A100409259 /* Products */,
			);
			sourceTree = "<group>";
		};
		F031571D1F36A4A100409259 /* Products */ = {
			isa = PBXGroup;
			children = (
				F031571C1F36A4A100409259 /* CodeFormatter.app */,
				F03157321F36A4D700409259 /* CodeFormat.appex */,
				1F6C094A1F39E29000A0476A /* CodeFormatterTests.xctest */,
			);
			name = Products;
			sourceTree = "<group>";
		};
		F031571E1F36A4A100409259 /* CodeFormatter */ = {
			isa = PBXGroup;
			children = (
				F031571F1F36A4A100409259 /* AppDelegate.swift */,
				F03157211F36A4A100409259 /* ViewController.swift */,
				F03157231F36A4A100409259 /* Assets.xcassets */,
				F03157251F36A4A100409259 /* Main.storyboard */,
				F03157281F36A4A100409259 /* Info.plist */,
			);
			path = CodeFormatter;
			sourceTree = "<group>";
		};
		F03157331F36A4D800409259 /* Frameworks */ = {
			isa = PBXGroup;
			children = (
				F03157341F36A4D800409259 /* Cocoa.framework */,
			);
			name = Frameworks;
			sourceTree = "<group>";
		};
		F03157361F36A4D800409259 /* CodeFormat */ = {
			isa = PBXGroup;
			children = (
				F03157391F36A4D800409259 /* SourceEditorExtension.swift */,
				F031573B1F36A4D800409259 /* SourceEditorCommand.swift */,
				F03157451F36A58F00409259 /* Formatter.swift */,
				F031573D1F36A4D800409259 /* Info.plist */,
				F03157371F36A4D800409259 /* Supporting Files */,
			);
			path = CodeFormat;
			sourceTree = "<group>";
		};
		F03157371F36A4D800409259 /* Supporting Files */ = {
			isa = PBXGroup;
			children = (
				F03157381F36A4D800409259 /* CodeFormat.entitlements */,
			);
			name = "Supporting Files";
			sourceTree = "<group>";
		};
/* End PBXGroup section */

/* Begin PBXNativeTarget section */
		1F6C09491F39E29000A0476A /* CodeFormatterTests */ = {
			isa = PBXNativeTarget;
			buildConfigurationList = 1F6C09531F39E29000A0476A /* Build configuration list for PBXNativeTarget "CodeFormatterTests" */;
			buildPhases = (
				1F6C09461F39E29000A0476A /* Sources */,
				1F6C09471F39E29000A0476A /* Frameworks */,
				1F6C09481F39E29000A0476A /* Resources */,
			);
			buildRules = (
			);
			dependencies = (
				1F6C09501F39E29000A0476A /* PBXTargetDependency */,
			);
			name = CodeFormatterTests;
			productName = CodeFormatterTests;
			productReference = 1F6C094A1F39E29000A0476A /* CodeFormatterTests.xctest */;
			productType = "com.apple.product-type.bundle.unit-test";
		};
		F031571B1F36A4A000409259 /* CodeFormatter */ = {
			isa = PBXNativeTarget;
			buildConfigurationList = F031572B1F36A4A100409259 /* Build configuration list for PBXNativeTarget "CodeFormatter" */;
			buildPhases = (
				F03157181F36A4A000409259 /* Sources */,
				F03157191F36A4A000409259 /* Frameworks */,
				F031571A1F36A4A000409259 /* Resources */,
				F03157441F36A4D800409259 /* Embed App Extensions */,
			);
			buildRules = (
			);
			dependencies = (
				F031573F1F36A4D800409259 /* PBXTargetDependency */,
			);
			name = CodeFormatter;
			productName = CodeFormatter;
			productReference = F031571C1F36A4A100409259 /* CodeFormatter.app */;
			productType = "com.apple.product-type.application";
		};
		F03157311F36A4D700409259 /* CodeFormat */ = {
			isa = PBXNativeTarget;
			buildConfigurationList = F03157411F36A4D800409259 /* Build configuration list for PBXNativeTarget "CodeFormat" */;
			buildPhases = (
				F031572E1F36A4D700409259 /* Sources */,
				F031572F1F36A4D700409259 /* Frameworks */,
				F03157301F36A4D700409259 /* Resources */,
			);
			buildRules = (
			);
			dependencies = (
			);
			name = CodeFormat;
			productName = CodeFormat;
			productReference = F03157321F36A4D700409259 /* CodeFormat.appex */;
			productType = "com.apple.product-type.xcode-extension";
		};
/* End PBXNativeTarget section */

/* Begin PBXProject section */
		F03157141F36A4A000409259 /* Project object */ = {
			isa = PBXProject;
			attributes = {
				LastSwiftUpdateCheck = 0830;
				LastUpgradeCheck = 0830;
				ORGANIZATIONNAME = VictorChee;
				TargetAttributes = {
					1F6C09491F39E29000A0476A = {
						CreatedOnToolsVersion = 8.3.3;
						DevelopmentTeam = YA5C67G66D;
						ProvisioningStyle = Automatic;
						TestTargetID = F031571B1F36A4A000409259;
					};
					F031571B1F36A4A000409259 = {
						CreatedOnToolsVersion = 8.3.3;
						DevelopmentTeam = YA5C67G66D;
						ProvisioningStyle = Automatic;
					};
					F03157311F36A4D700409259 = {
						CreatedOnToolsVersion = 8.3.3;
						DevelopmentTeam = YA5C67G66D;
						ProvisioningStyle = Automatic;
					};
				};
			};
			buildConfigurationList = F03157171F36A4A000409259 /* Build configuration list for PBXProject "CodeFormatter" */;
			compatibilityVersion = "Xcode 3.2";
			developmentRegion = English;
			hasScannedForEncodings = 0;
			knownRegions = (
				en,
				Base,
			);
			mainGroup = F03157131F36A4A000409259;
			productRefGroup = F031571D1F36A4A100409259 /* Products */;
			projectDirPath = "";
			projectRoot = "";
			targets = (
				F031571B1F36A4A000409259 /* CodeFormatter */,
				F03157311F36A4D700409259 /* CodeFormat */,
				1F6C09491F39E29000A0476A /* CodeFormatterTests */,
			);
		};
/* End PBXProject section */

/* Begin PBXResourcesBuildPhase section */
		1F6C09481F39E29000A0476A /* Resources */ = {
			isa = PBXResourcesBuildPhase;
			buildActionMask = 2147483647;
			files = (
			);
			runOnlyForDeploymentPostprocessing = 0;
		};
		F031571A1F36A4A000409259 /* Resources */ = {
			isa = PBXResourcesBuildPhase;
			buildActionMask = 2147483647;
			files = (
				F03157241F36A4A100409259 /* Assets.xcassets in Resources */,
				F03157271F36A4A100409259 /* Main.storyboard in Resources */,
			);
			runOnlyForDeploymentPostprocessing = 0;
		};
		F03157301F36A4D700409259 /* Resources */ = {
			isa = PBXResourcesBuildPhase;
			buildActionMask = 2147483647;
			files = (
			);
			runOnlyForDeploymentPostprocessing = 0;
		};
/* End PBXResourcesBuildPhase section */

/* Begin PBXSourcesBuildPhase section */
		1F6C09461F39E29000A0476A /* Sources */ = {
			isa = PBXSourcesBuildPhase;
			buildActionMask = 2147483647;
			files = (
				1F6C094D1F39E29000A0476A /* CodeFormatterTests.swift in Sources */,
			);
			runOnlyForDeploymentPostprocessing = 0;
		};
		F03157181F36A4A000409259 /* Sources */ = {
			isa = PBXSourcesBuildPhase;
			buildActionMask = 2147483647;
			files = (
				F03157221F36A4A100409259 /* ViewController.swift in Sources */,
				F03157201F36A4A100409259 /* AppDelegate.swift in Sources */,
			);
			runOnlyForDeploymentPostprocessing = 0;
		};
		F031572E1F36A4D700409259 /* Sources */ = {
			isa = PBXSourcesBuildPhase;
			buildActionMask = 2147483647;
			files = (
				F03157461F36A58F00409259 /* Formatter.swift in Sources */,
				F031573A1F36A4D800409259 /* SourceEditorExtension.swift in Sources */,
				F031573C1F36A4D800409259 /* SourceEditorCommand.swift in Sources */,
			);
			runOnlyForDeploymentPostprocessing = 0;
		};
/* End PBXSourcesBuildPhase section */

/* Begin PBXTargetDependency section */
		1F6C09501F39E29000A0476A /* PBXTargetDependency */ = {
			isa = PBXTargetDependency;
			target = F031571B1F36A4A000409259 /* CodeFormatter */;
			targetProxy = 1F6C094F1F39E29000A0476A /* PBXContainerItemProxy */;
		};
		F031573F1F36A4D800409259 /* PBXTargetDependency */ = {
			isa = PBXTargetDependency;
			target = F03157311F36A4D700409259 /* CodeFormat */;
			targetProxy = F031573E1F36A4D800409259 /* PBXContainerItemProxy */;
		};
/* End PBXTargetDependency section */

/* Begin PBXVariantGroup section */
		F03157251F36A4A100409259 /* Main.storyboard */ = {
			isa = PBXVariantGroup;
			children = (
				F03157261F36A4A100409259 /* Base */,
			);
			name = Main.storyboard;
			sourceTree = "<group>";
		};
/* End PBXVariantGroup section */

/* Begin XCBuildConfiguration section */
		1F6C09511F39E29000A0476A /* Debug */ = {
			isa = XCBuildConfiguration;
			buildSettings = {
				BUNDLE_LOADER = "$(TEST_HOST)";
				COMBINE_HIDPI_IMAGES = YES;
				DEVELOPMENT_TEAM = YA5C67G66D;
				INFOPLIST_FILE = CodeFormatterTests/Info.plist;
				LD_RUNPATH_SEARCH_PATHS = "$(inherited) @executable_path/../Frameworks @loader_path/../Frameworks";
				PRODUCT_BUNDLE_IDENTIFIER = com.victorchee.CodeFormatterTests;
				PRODUCT_NAME = "$(TARGET_NAME)";
				SWIFT_VERSION = 3.0;
				TEST_HOST = "$(BUILT_PRODUCTS_DIR)/CodeFormatter.app/Contents/MacOS/CodeFormatter";
			};
			name = Debug;
		};
		1F6C09521F39E29000A0476A /* Release */ = {
			isa = XCBuildConfiguration;
			buildSettings = {
				BUNDLE_LOADER = "$(TEST_HOST)";
				COMBINE_HIDPI_IMAGES = YES;
				DEVELOPMENT_TEAM = YA5C67G66D;
				INFOPLIST_FILE = CodeFormatterTests/Info.plist;
				LD_RUNPATH_SEARCH_PATHS = "$(inherited) @executable_path/../Frameworks @loader_path/../Frameworks";
				PRODUCT_BUNDLE_IDENTIFIER = com.victorchee.CodeFormatterTests;
				PRODUCT_NAME = "$(TARGET_NAME)";
				SWIFT_VERSION = 3.0;
				TEST_HOST = "$(BUILT_PRODUCTS_DIR)/CodeFormatter.app/Contents/MacOS/CodeFormatter";
			};
			name = Release;
		};
		F03157291F36A4A100409259 /* Debug */ = {
			isa = XCBuildConfiguration;
			buildSettings = {
				ALWAYS_SEARCH_USER_PATHS = NO;
				CLANG_ANALYZER_NONNULL = YES;
				CLANG_ANALYZER_NUMBER_OBJECT_CONVERSION = YES_AGGRESSIVE;
				CLANG_CXX_LANGUAGE_STANDARD = "gnu++0x";
				CLANG_CXX_LIBRARY = "libc++";
				CLANG_ENABLE_MODULES = YES;
				CLANG_ENABLE_OBJC_ARC = YES;
				CLANG_WARN_BOOL_CONVERSION = YES;
				CLANG_WARN_CONSTANT_CONVERSION = YES;
				CLANG_WARN_DIRECT_OBJC_ISA_USAGE = YES_ERROR;
				CLANG_WARN_DOCUMENTATION_COMMENTS = YES;
				CLANG_WARN_EMPTY_BODY = YES;
				CLANG_WARN_ENUM_CONVERSION = YES;
				CLANG_WARN_INFINITE_RECURSION = YES;
				CLANG_WARN_INT_CONVERSION = YES;
				CLANG_WARN_OBJC_ROOT_CLASS = YES_ERROR;
				CLANG_WARN_SUSPICIOUS_MOVE = YES;
				CLANG_WARN_UNREACHABLE_CODE = YES;
				CLANG_WARN__DUPLICATE_METHOD_MATCH = YES;
				CODE_SIGN_IDENTITY = "-";
				COPY_PHASE_STRIP = NO;
				DEBUG_INFORMATION_FORMAT = dwarf;
				ENABLE_STRICT_OBJC_MSGSEND = YES;
				ENABLE_TESTABILITY = YES;
				GCC_C_LANGUAGE_STANDARD = gnu99;
				GCC_DYNAMIC_NO_PIC = NO;
				GCC_NO_COMMON_BLOCKS = YES;
				GCC_OPTIMIZATION_LEVEL = 0;
				GCC_PREPROCESSOR_DEFINITIONS = (
					"DEBUG=1",
					"$(inherited)",
				);
				GCC_WARN_64_TO_32_BIT_CONVERSION = YES;
				GCC_WARN_ABOUT_RETURN_TYPE = YES_ERROR;
				GCC_WARN_UNDECLARED_SELECTOR = YES;
				GCC_WARN_UNINITIALIZED_AUTOS = YES_AGGRESSIVE;
				GCC_WARN_UNUSED_FUNCTION = YES;
				GCC_WARN_UNUSED_VARIABLE = YES;
				MACOSX_DEPLOYMENT_TARGET = 10.12;
				MTL_ENABLE_DEBUG_INFO = YES;
				ONLY_ACTIVE_ARCH = YES;
				SDKROOT = macosx;
				SWIFT_ACTIVE_COMPILATION_CONDITIONS = DEBUG;
				SWIFT_OPTIMIZATION_LEVEL = "-Onone";
			};
			name = Debug;
		};
		F031572A1F36A4A100409259 /* Release */ = {
			isa = XCBuildConfiguration;
			buildSettings = {
				ALWAYS_SEARCH_USER_PATHS = NO;
				CLANG_ANALYZER_NONNULL = YES;
				CLANG_ANALYZER_NUMBER_OBJECT_CONVERSION = YES_AGGRESSIVE;
				CLANG_CXX_LANGUAGE_STANDARD = "gnu++0x";
				CLANG_CXX_LIBRARY = "libc++";
				CLANG_ENABLE_MODULES = YES;
				CLANG_ENABLE_OBJC_ARC = YES;
				CLANG_WARN_BOOL_CONVERSION = YES;
				CLANG_WARN_CONSTANT_CONVERSION = YES;
				CLANG_WARN_DIRECT_OBJC_ISA_USAGE = YES_ERROR;
				CLANG_WARN_DOCUMENTATION_COMMENTS = YES;
				CLANG_WARN_EMPTY_BODY = YES;
				CLANG_WARN_ENUM_CONVERSION = YES;
				CLANG_WARN_INFINITE_RECURSION = YES;
				CLANG_WARN_INT_CONVERSION = YES;
				CLANG_WARN_OBJC_ROOT_CLASS = YES_ERROR;
				CLANG_WARN_SUSPICIOUS_MOVE = YES;
				CLANG_WARN_UNREACHABLE_CODE = YES;
				CLANG_WARN__DUPLICATE_METHOD_MATCH = YES;
				CODE_SIGN_IDENTITY = "-";
				COPY_PHASE_STRIP = NO;
				DEBUG_INFORMATION_FORMAT = "dwarf-with-dsym";
				ENABLE_NS_ASSERTIONS = NO;
				ENABLE_STRICT_OBJC_MSGSEND = YES;
				GCC_C_LANGUAGE_STANDARD = gnu99;
				GCC_NO_COMMON_BLOCKS = YES;
				GCC_WARN_64_TO_32_BIT_CONVERSION = YES;
				GCC_WARN_ABOUT_RETURN_TYPE = YES_ERROR;
				GCC_WARN_UNDECLARED_SELECTOR = YES;
				GCC_WARN_UNINITIALIZED_AUTOS = YES_AGGRESSIVE;
				GCC_WARN_UNUSED_FUNCTION = YES;
				GCC_WARN_UNUSED_VARIABLE = YES;
				MACOSX_DEPLOYMENT_TARGET = 10.12;
				MTL_ENABLE_DEBUG_INFO = NO;
				SDKROOT = macosx;
				SWIFT_OPTIMIZATION_LEVEL = "-Owholemodule";
			};
			name = Release;
		};
		F031572C1F36A4A100409259 /* Debug */ = {
			isa = XCBuildConfiguration;
			buildSettings = {
				ALWAYS_EMBED_SWIFT_STANDARD_LIBRARIES = YES;
				ASSETCATALOG_COMPILER_APPICON_NAME = AppIcon;
				CODE_SIGN_IDENTITY = "Mac Developer";
				COMBINE_HIDPI_IMAGES = YES;
				DEVELOPMENT_TEAM = YA5C67G66D;
				INFOPLIST_FILE = CodeFormatter/Info.plist;
				LD_RUNPATH_SEARCH_PATHS = "$(inherited) @executable_path/../Frameworks";
				PRODUCT_BUNDLE_IDENTIFIER = com.victorchee.CodeFormatter;
				PRODUCT_NAME = "$(TARGET_NAME)";
				PROVISIONING_PROFILE_SPECIFIER = "";
				SWIFT_VERSION = 3.0;
			};
			name = Debug;
		};
		F031572D1F36A4A100409259 /* Release */ = {
			isa = XCBuildConfiguration;
			buildSettings = {
				ALWAYS_EMBED_SWIFT_STANDARD_LIBRARIES = YES;
				ASSETCATALOG_COMPILER_APPICON_NAME = AppIcon;
				CODE_SIGN_IDENTITY = "Mac Developer";
				COMBINE_HIDPI_IMAGES = YES;
				DEVELOPMENT_TEAM = YA5C67G66D;
				INFOPLIST_FILE = CodeFormatter/Info.plist;
				LD_RUNPATH_SEARCH_PATHS = "$(inherited) @executable_path/../Frameworks";
				PRODUCT_BUNDLE_IDENTIFIER = com.victorchee.CodeFormatter;
				PRODUCT_NAME = "$(TARGET_NAME)";
				PROVISIONING_PROFILE_SPECIFIER = "";
				SWIFT_VERSION = 3.0;
			};
			name = Release;
		};
		F03157421F36A4D800409259 /* Debug */ = {
			isa = XCBuildConfiguration;
			buildSettings = {
				CODE_SIGN_ENTITLEMENTS = CodeFormat/CodeFormat.entitlements;
				CODE_SIGN_IDENTITY = "Mac Developer";
				COMBINE_HIDPI_IMAGES = YES;
				DEVELOPMENT_TEAM = YA5C67G66D;
				INFOPLIST_FILE = CodeFormat/Info.plist;
				LD_RUNPATH_SEARCH_PATHS = "$(inherited) @executable_path/../Frameworks @executable_path/../../../../Frameworks";
				MACOSX_DEPLOYMENT_TARGET = 10.11;
				PRODUCT_BUNDLE_IDENTIFIER = com.victorchee.CodeFormatter.CodeFormat;
				PRODUCT_NAME = "$(TARGET_NAME)";
				PROVISIONING_PROFILE_SPECIFIER = "";
				SKIP_INSTALL = YES;
				SWIFT_VERSION = 3.0;
			};
			name = Debug;
		};
		F03157431F36A4D800409259 /* Release */ = {
			isa = XCBuildConfiguration;
			buildSettings = {
				CODE_SIGN_ENTITLEMENTS = CodeFormat/CodeFormat.entitlements;
				CODE_SIGN_IDENTITY = "Mac Developer";
				COMBINE_HIDPI_IMAGES = YES;
				DEVELOPMENT_TEAM = YA5C67G66D;
				INFOPLIST_FILE = CodeFormat/Info.plist;
				LD_RUNPATH_SEARCH_PATHS = "$(inherited) @executable_path/../Frameworks @executable_path/../../../../Frameworks";
				MACOSX_DEPLOYMENT_TARGET = 10.11;
				PRODUCT_BUNDLE_IDENTIFIER = com.victorchee.CodeFormatter.CodeFormat;
				PRODUCT_NAME = "$(TARGET_NAME)";
				PROVISIONING_PROFILE_SPECIFIER = "";
				SKIP_INSTALL = YES;
				SWIFT_VERSION = 3.0;
			};
			name = Release;
		};
/* End XCBuildConfiguration section */

/* Begin XCConfigurationList section */
		1F6C09531F39E29000A0476A /* Build configuration list for PBXNativeTarget "CodeFormatterTests" */ = {
			isa = XCConfigurationList;
			buildConfigurations = (
				1F6C09511F39E29000A0476A /* Debug */,
				1F6C09521F39E29000A0476A /* Release */,
			);
			defaultConfigurationIsVisible = 0;
		};
		F03157171F36A4A000409259 /* Build configuration list for PBXProject "CodeFormatter" */ = {
			isa = XCConfigurationList;
			buildConfigurations = (
				F03157291F36A4A100409259 /* Debug */,
				F031572A1F36A4A100409259 /* Release */,
			);
			defaultConfigurationIsVisible = 0;
			defaultConfigurationName = Release;
		};
		F031572B1F36A4A100409259 /* Build configuration list for PBXNativeTarget "CodeFormatter" */ = {
			isa = XCConfigurationList;
			buildConfigurations = (
				F031572C1F36A4A100409259 /* Debug */,
				F031572D1F36A4A100409259 /* Release */,
			);
			defaultConfigurationIsVisible = 0;
			defaultConfigurationName = Release;
		};
		F03157411F36A4D800409259 /* Build configuration list for PBXNativeTarget "CodeFormat" */ = {
			isa = XCConfigurationList;
			buildConfigurations = (
				F03157421F36A4D800409259 /* Debug */,
				F03157431F36A4D800409259 /* Release */,
			);
			defaultConfigurationIsVisible = 0;
			defaultConfigurationName = Release;
		};
/* End XCConfigurationList section */
	};
	rootObject = F03157141F36A4A000409259 /* Project object */;
}
